
Microsoft Visual Studio Solution File, Format Version 12.00
# Visual Studio 15
VisualStudioVersion = 15.0.28307.572
MinimumVisualStudioVersion = 10.0.40219.1
Project("{9A19103F-16F7-4668-BE54-9A1E7A4F7556}") = "SQLLeadData", "Home Owner Bestie Lead Data\SQLLeadData.csproj", "{948C6B32-E6DF-4D3B-A4A0-DAE282B0F25F}"
EndProject
Project("{9A19103F-16F7-4668-BE54-9A1E7A4F7556}") = "HomeOwnerBestieService", "Home Owner Bestie Service\HomeOwnerBestieService.csproj", "{16B07FA4-B203-42C3-8470-F90FC0C2B7B2}"
EndProject
Project("{9A19103F-16F7-4668-BE54-9A1E7A4F7556}") = "ZillowRealEstateData", "Real Estate Data\ZillowRealEstateData.csproj", "{53CC88D1-A9FB-4404-80F3-B1B8AB5960A4}"
EndProject
Project("{9A19103F-16F7-4668-BE54-9A1E7A4F7556}") = "Common", "Common\Common.csproj", "{171A37D7-C68A-4288-BC3E-7BE093947F5F}"
EndProject
Global
	GlobalSection(SolutionConfigurationPlatforms) = preSolution
		Debug|Any CPU = Debug|Any CPU
		Release|Any CPU = Release|Any CPU
	EndGlobalSection
	GlobalSection(ProjectConfigurationPlatforms) = postSolution
		{948C6B32-E6DF-4D3B-A4A0-DAE282B0F25F}.Debug|Any CPU.ActiveCfg = Debug|Any CPU
		{948C6B32-E6DF-4D3B-A4A0-DAE282B0F25F}.Debug|Any CPU.Build.0 = Debug|Any CPU
		{948C6B32-E6DF-4D3B-A4A0-DAE282B0F25F}.Release|Any CPU.ActiveCfg = Release|Any CPU
		{948C6B32-E6DF-4D3B-A4A0-DAE282B0F25F}.Release|Any CPU.Build.0 = Release|Any CPU
		{16B07FA4-B203-42C3-8470-F90FC0C2B7B2}.Debug|Any CPU.ActiveCfg = Debug|Any CPU
		{16B07FA4-B203-42C3-8470-F90FC0C2B7B2}.Debug|Any CPU.Build.0 = Debug|Any CPU
		{16B07FA4-B203-42C3-8470-F90FC0C2B7B2}.Release|Any CPU.ActiveCfg = Release|Any CPU
		{16B07FA4-B203-42C3-8470-F90FC0C2B7B2}.Release|Any CPU.Build.0 = Release|Any CPU
		{53CC88D1-A9FB-4404-80F3-B1B8AB5960A4}.Debug|Any CPU.ActiveCfg = Debug|Any CPU
		{53CC88D1-A9FB-4404-80F3-B1B8AB5960A4}.Debug|Any CPU.Build.0 = Debug|Any CPU
		{53CC88D1-A9FB-4404-80F3-B1B8AB5960A4}.Release|Any CPU.ActiveCfg = Release|Any CPU
		{53CC88D1-A9FB-4404-80F3-B1B8AB5960A4}.Release|Any CPU.Build.0 = Release|Any CPU
		{171A37D7-C68A-4288-BC3E-7BE093947F5F}.Debug|Any CPU.ActiveCfg = Debug|Any CPU
		{171A37D7-C68A-4288-BC3E-7BE093947F5F}.Debug|Any CPU.Build.0 = Debug|Any CPU
		{171A37D7-C68A-4288-BC3E-7BE093947F5F}.Release|Any CPU.ActiveCfg = Release|Any CPU
		{171A37D7-C68A-4288-BC3E-7BE093947F5F}.Release|Any CPU.Build.0 = Release|Any CPU
	EndGlobalSection
	GlobalSection(SolutionProperties) = preSolution
		HideSolutionNode = FALSE
	EndGlobalSection
	GlobalSection(ExtensibilityGlobals) = postSolution
		SolutionGuid = {E46BE98F-1F98-4105-AAAE-008B86D6BFEF}
	EndGlobalSection
EndGlobal
